{
	"name": "fastly-vcl-lsp",
	"version": "0.4.0",
	"lockfileVersion": 3,
	"requires": true,
	"packages": {
		"": {
			"name": "fastly-vcl-lsp",
			"version": "0.4.0",
			"license": "MIT",
			"dependencies": {
				"falco-js": "^0.23.2",
				"vscode-languageserver": "^9.0.0",
				"vscode-languageserver-textdocument": "^1.0.8"
			},
			"engines": {
				"node": "*"
			}
		},
		"node_modules/falco-js": {
			"version": "0.23.2",
			"resolved": "https://registry.npmjs.org/falco-js/-/falco-js-0.23.2.tgz",
			"integrity": "sha512-m1NjV4bTXyfRDxdwyg4dBcdG0J7jpcw22mWQT7DLGOTT7EQw0IAGNHZufa35wOFZJBMZsFn5owbMYl44Irlq/w==",
			"bin": {
				"falco-js": "src/falco.js"
			},
			"engines": {
				"node": ">=18"
			}
		},
		"node_modules/vscode-jsonrpc": {
			"version": "8.2.0",
			"resolved": "https://registry.npmjs.org/vscode-jsonrpc/-/vscode-jsonrpc-8.2.0.tgz",
			"integrity": "sha512-C+r0eKJUIfiDIfwJhria30+TYWPtuHJXHtI7J0YlOmKAo7ogxP20T0zxB7HZQIFhIyvoBPwWskjxrvAtfjyZfA==",
			"engines": {
				"node": ">=14.0.0"
			}
		},
		"node_modules/vscode-languageserver": {
			"version": "9.0.0",
			"resolved": "https://registry.npmjs.org/vscode-languageserver/-/vscode-languageserver-9.0.0.tgz",
			"integrity": "sha512-npT72Iu28Tjsm94MsCbwJmIu5ycCF3UEPj3Eb3725T1Hqf4d+Vj2W4GC+F8l4n9yNItJuvE/AHYvomvAs9Dj8A==",
			"dependencies": {
				"vscode-languageserver-protocol": "3.17.4"
			},
			"bin": {
				"installServerIntoExtension": "bin/installServerIntoExtension"
			}
		},
		"node_modules/vscode-languageserver-protocol": {
			"version": "3.17.4",
			"resolved": "https://registry.npmjs.org/vscode-languageserver-protocol/-/vscode-languageserver-protocol-3.17.4.tgz",
			"integrity": "sha512-IpaHLPft+UBWf4dOIH15YEgydTbXGz52EMU2h16SfFpYu/yOQt3pY14049mtpJu+4CBHn+hq7S67e7O0AwpRqQ==",
			"dependencies": {
				"vscode-jsonrpc": "8.2.0",
				"vscode-languageserver-types": "3.17.4"
			}
		},
		"node_modules/vscode-languageserver-textdocument": {
			"version": "1.0.8",
			"resolved": "https://registry.npmjs.org/vscode-languageserver-textdocument/-/vscode-languageserver-textdocument-1.0.8.tgz",
			"integrity": "sha512-1bonkGqQs5/fxGT5UchTgjGVnfysL0O8v1AYMBjqTbWQTFn721zaPGDYFkOKtfDgFiSgXM3KwaG3FMGfW4Ed9Q=="
		},
		"node_modules/vscode-languageserver-types": {
			"version": "3.17.4",
			"resolved": "https://registry.npmjs.org/vscode-languageserver-types/-/vscode-languageserver-types-3.17.4.tgz",
			"integrity": "sha512-9YXi5pA3XF2V+NUQg6g+lulNS0ncRCKASYdK3Cs7kiH9sVFXWq27prjkC/B8M/xJLRPPRSPCHVMuBTgRNFh2sQ=="
		}
	}
}
